{
  "version": "2",
  "remote": {
    "https://cdn.skypack.dev/-/chart.js@v3.7.1-M72rzhHM5HB6TMxMHjbt/dist=es2019,mode=imports/optimized/chartjs.js": "2a644c589f272588d5719847278db9bc12d321ab2ad50c99b684c87929f9d68b",
    "https://cdn.skypack.dev/chart.js@3.7?dts": "71a5a3355303d2820c882510e48f30d6f61daf500641ab0372c078a7d0c08ab5",
    "https://deno.land/std@0.162.0/semver/mod.ts": "25f6d286ab714096bc278babbf8d7c7d51ce790c83805fd7e1e2bd6a18b5f2e2",
    "https://deno.land/std@0.192.0/_util/asserts.ts": "178dfc49a464aee693a7e285567b3d0b555dc805ff490505a8aae34f9cfb1462",
    "https://deno.land/std@0.192.0/_util/os.ts": "d932f56d41e4f6a6093d56044e29ce637f8dcc43c5a90af43504a889cf1775e3",
    "https://deno.land/std@0.192.0/fs/_util.ts": "fbf57dcdc9f7bc8128d60301eece608246971a7836a3bb1e78da75314f08b978",
    "https://deno.land/std@0.192.0/fs/copy.ts": "14214efd94fc3aa6db1e4af2b4b9578e50f7362b7f3725d5a14ad259a5df26c8",
    "https://deno.land/std@0.192.0/fs/empty_dir.ts": "c3d2da4c7352fab1cf144a1ecfef58090769e8af633678e0f3fabaef98594688",
    "https://deno.land/std@0.192.0/fs/ensure_dir.ts": "dc64c4c75c64721d4e3fb681f1382f803ff3d2868f08563ff923fdd20d071c40",
    "https://deno.land/std@0.192.0/fs/ensure_file.ts": "c38602670bfaf259d86ca824a94e6cb9e5eb73757fefa4ebf43a90dd017d53d9",
    "https://deno.land/std@0.192.0/fs/ensure_link.ts": "c0f5b2f0ec094ed52b9128eccb1ee23362a617457aa0f699b145d4883f5b2fb4",
    "https://deno.land/std@0.192.0/fs/ensure_symlink.ts": "5006ab2f458159c56d689b53b1e48d57e05eeb1eaf64e677f7f76a30bc4fdba1",
    "https://deno.land/std@0.192.0/fs/eol.ts": "f1f2eb348a750c34500741987b21d65607f352cf7205f48f4319d417fff42842",
    "https://deno.land/std@0.192.0/fs/exists.ts": "29c26bca8584a22876be7cb8844f1b6c8fc35e9af514576b78f5c6884d7ed02d",
    "https://deno.land/std@0.192.0/fs/expand_glob.ts": "e4f56259a0a70fe23f05215b00de3ac5e6ba46646ab2a06ebbe9b010f81c972a",
    "https://deno.land/std@0.192.0/fs/mod.ts": "bc3d0acd488cc7b42627044caf47d72019846d459279544e1934418955ba4898",
    "https://deno.land/std@0.192.0/fs/move.ts": "b4f8f46730b40c32ea3c0bc8eb0fd0e8139249a698883c7b3756424cf19785c9",
    "https://deno.land/std@0.192.0/fs/walk.ts": "920be35a7376db6c0b5b1caf1486fb962925e38c9825f90367f8f26b5e5d0897",
    "https://deno.land/std@0.192.0/path/_constants.ts": "e49961f6f4f48039c0dfed3c3f93e963ca3d92791c9d478ac5b43183413136e0",
    "https://deno.land/std@0.192.0/path/_interface.ts": "6471159dfbbc357e03882c2266d21ef9afdb1e4aa771b0545e90db58a0ba314b",
    "https://deno.land/std@0.192.0/path/_util.ts": "d7abb1e0dea065f427b89156e28cdeb32b045870acdf865833ba808a73b576d0",
    "https://deno.land/std@0.192.0/path/common.ts": "ee7505ab01fd22de3963b64e46cff31f40de34f9f8de1fff6a1bd2fe79380000",
    "https://deno.land/std@0.192.0/path/glob.ts": "d479e0a695621c94d3fd7fe7abd4f9499caf32a8de13f25073451c6ef420a4e1",
    "https://deno.land/std@0.192.0/path/mod.ts": "f065032a7189404fdac3ad1a1551a9ac84751d2f25c431e101787846c86c79ef",
    "https://deno.land/std@0.192.0/path/posix.ts": "8b7c67ac338714b30c816079303d0285dd24af6b284f7ad63da5b27372a2c94d",
    "https://deno.land/std@0.192.0/path/separator.ts": "0fb679739d0d1d7bf45b68dacfb4ec7563597a902edbaf3c59b50d5bcadd93b1",
    "https://deno.land/std@0.192.0/path/win32.ts": "d186344e5583bcbf8b18af416d13d82b35a317116e6460a5a3953508c3de5bba",
    "https://deno.land/std@0.195.0/_util/os.ts": "d932f56d41e4f6a6093d56044e29ce637f8dcc43c5a90af43504a889cf1775e3",
    "https://deno.land/std@0.195.0/assert/assert.ts": "9a97dad6d98c238938e7540736b826440ad8c1c1e54430ca4c4e623e585607ee",
    "https://deno.land/std@0.195.0/assert/assertion_error.ts": "4d0bde9b374dfbcbe8ac23f54f567b77024fb67dbb1906a852d67fe050d42f56",
    "https://deno.land/std@0.195.0/encoding/base64.ts": "144ae6234c1fbe5b68666c711dc15b1e9ee2aef6d42b3b4345bf9a6c91d70d0d",
    "https://deno.land/std@0.195.0/fs/_util.ts": "fbf57dcdc9f7bc8128d60301eece608246971a7836a3bb1e78da75314f08b978",
    "https://deno.land/std@0.195.0/fs/ensure_dir.ts": "dc64c4c75c64721d4e3fb681f1382f803ff3d2868f08563ff923fdd20d071c40",
    "https://deno.land/std@0.195.0/fs/ensure_file.ts": "c38602670bfaf259d86ca824a94e6cb9e5eb73757fefa4ebf43a90dd017d53d9",
    "https://deno.land/std@0.195.0/path/_constants.ts": "e49961f6f4f48039c0dfed3c3f93e963ca3d92791c9d478ac5b43183413136e0",
    "https://deno.land/std@0.195.0/path/_interface.ts": "6471159dfbbc357e03882c2266d21ef9afdb1e4aa771b0545e90db58a0ba314b",
    "https://deno.land/std@0.195.0/path/_util.ts": "d7abb1e0dea065f427b89156e28cdeb32b045870acdf865833ba808a73b576d0",
    "https://deno.land/std@0.195.0/path/common.ts": "ee7505ab01fd22de3963b64e46cff31f40de34f9f8de1fff6a1bd2fe79380000",
    "https://deno.land/std@0.195.0/path/glob.ts": "d479e0a695621c94d3fd7fe7abd4f9499caf32a8de13f25073451c6ef420a4e1",
    "https://deno.land/std@0.195.0/path/mod.ts": "f065032a7189404fdac3ad1a1551a9ac84751d2f25c431e101787846c86c79ef",
    "https://deno.land/std@0.195.0/path/posix.ts": "8b7c67ac338714b30c816079303d0285dd24af6b284f7ad63da5b27372a2c94d",
    "https://deno.land/std@0.195.0/path/separator.ts": "0fb679739d0d1d7bf45b68dacfb4ec7563597a902edbaf3c59b50d5bcadd93b1",
    "https://deno.land/std@0.195.0/path/win32.ts": "4fca292f8d116fd6d62f243b8a61bd3d6835a9f0ede762ba5c01afe7c3c0aa12",
    "https://deno.land/x/denoflate@1.2.1/mod.ts": "f5628e44b80b3d80ed525afa2ba0f12408e3849db817d47a883b801f9ce69dd6",
    "https://deno.land/x/denoflate@1.2.1/pkg/denoflate.js": "b9f9ad9457d3f12f28b1fb35c555f57443427f74decb403113d67364e4f2caf4",
    "https://deno.land/x/denoflate@1.2.1/pkg/denoflate_bg.wasm.js": "d581956245407a2115a3d7e8d85a9641c032940a8e810acbd59ca86afd34d44d",
    "https://deno.land/x/ensure_version@1.3.0/deps.ts": "5b10b6353b88a17c1e2d9e5a84a3719c8bae3f723b58f672d8ab8a353d1bdfe2",
    "https://deno.land/x/ensure_version@1.3.0/ensure_version.ts": "3ae9770b544d8aede6cf0f650134e754e1d4b595eeae1b7b1f3d761ae371265c",
    "https://deno.land/x/ensure_version@1.3.0/mod.ts": "5007ec41b0dec14de386dd2e33eb46971819015b46c2559f59bec46103b028ec",
    "https://deno.land/x/esbuild@v0.15.16/mod.js": "ea6e965ce00e183774d9e64ed6910ab8cc6d33717a295ab22a510f0f8ce8ae27",
    "https://deno.land/x/esbuild_plugin_http_fetch@v1.0.3/index.js": "e4c54ff2747437390dbc1819fe10d38f6497fb1552a3e54a5f90c0b6d88ecfce",
    "https://ejm.sh/deno.land/x/webui@2.3.0/src/webui-2-x64.dyn": "a0b1527c6b7ca91c780a3ed2c54d8702d854df65cbb68ce7c24d6fea28c7ad12",
    "https://ejm.sh/https://raw.githubusercontent.com/denoland/deno/main/Releases.md": "e735a244c443d3d3e25b79ed8a04c7486be665ee2d9f8cc9ebdf3302e65e97bc",
    "https://ejm.sh/raw.githubusercontent.com/webui-dev/deno-webui/2930d88868a629ecc07d48320489fa0dc1b7fe1d/src/webui-2-x64.dll": "bdcdd89f0fc302fe85b4a6618d6d3573229e3805fcca57a3e7a6d87b0d93eafe",
    "https://ejm.sh/raw.githubusercontent.com/webui-dev/deno-webui/2930d88868a629ecc07d48320489fa0dc1b7fe1d/src/webui-2-x64.so": "8044510dfc69504b20cab780053088c89768b4f3a05091bd1feab37620fb73f3",
    "https://ejm.sh/raw.githubusercontent.com/webui-dev/deno-webui/6fa36e7c15b6ea643e52d9edfcd2fac102d313ce/src/webui-2-x64.dll": "7d67049cad3c2316e1549d38fb63b28b08f1fbe9b4cb7c04f2ce82ec3f0f8cf0",
    "https://ejm.sh/raw.githubusercontent.com/webui-dev/deno-webui/6fa36e7c15b6ea643e52d9edfcd2fac102d313ce/src/webui-2-x64.dyn": "27b93b0db4139747f42b28dfb99793bc74af19de937851ea3e0256d941327326",
    "https://ejm.sh/raw.githubusercontent.com/webui-dev/deno-webui/6fa36e7c15b6ea643e52d9edfcd2fac102d313ce/src/webui-2-x64.so": "64b02a1a49c2138a73b46ba351c56872036b22a2af9f73fd7cd427aa7898aebb",
    "https://raw.githubusercontent.com/webui-dev/deno-webui/31ab162fc7bb4dc7b7bb9e6374aea2e742696e35/deps.ts": "785ab89cc04ebca614cb89c62967f72981db66f40bb053c0f1927112484b6a8b",
    "https://raw.githubusercontent.com/webui-dev/deno-webui/31ab162fc7bb4dc7b7bb9e6374aea2e742696e35/mod.ts": "27907c7a9104ae800b10112ee411cc89e4c6bb72ccb6dd43a114fe2f1b4a6d9e",
    "https://raw.githubusercontent.com/webui-dev/deno-webui/31ab162fc7bb4dc7b7bb9e6374aea2e742696e35/src/lib.ts": "88a581e417f8d31824cd7f0f7789d5cf26b4831415a374788025824ec2a9c511",
    "https://raw.githubusercontent.com/webui-dev/deno-webui/31ab162fc7bb4dc7b7bb9e6374aea2e742696e35/src/types.ts": "bd1238c9390f106439c382f4e8649ee0826d2311014d73c5deda5a5ed57ec31c",
    "https://raw.githubusercontent.com/webui-dev/deno-webui/31ab162fc7bb4dc7b7bb9e6374aea2e742696e35/src/utils.ts": "3c0e3f6cabf37331202cca0707cf78a23ce4ff8e48270eb386f357f206116fd9",
    "https://raw.githubusercontent.com/webui-dev/deno-webui/31ab162fc7bb4dc7b7bb9e6374aea2e742696e35/src/webui.ts": "fd924b48df060e108b61d71ba58efa98dbc8ef07dd12e52bb2c373b8e3071849",
    "https://raw.githubusercontent.com/webui-dev/deno-webui/60b5e7bd89022889c0635e34ba37cc46ad41af70/deps.ts": "c72bea601e84f1803ee41a3ccb1a5c80fe2798bfb7f5c842fa3d224a6a0670be",
    "https://raw.githubusercontent.com/webui-dev/deno-webui/60b5e7bd89022889c0635e34ba37cc46ad41af70/mod.ts": "27907c7a9104ae800b10112ee411cc89e4c6bb72ccb6dd43a114fe2f1b4a6d9e",
    "https://raw.githubusercontent.com/webui-dev/deno-webui/60b5e7bd89022889c0635e34ba37cc46ad41af70/src/lib.ts": "88a581e417f8d31824cd7f0f7789d5cf26b4831415a374788025824ec2a9c511",
    "https://raw.githubusercontent.com/webui-dev/deno-webui/60b5e7bd89022889c0635e34ba37cc46ad41af70/src/types.ts": "bd1238c9390f106439c382f4e8649ee0826d2311014d73c5deda5a5ed57ec31c",
    "https://raw.githubusercontent.com/webui-dev/deno-webui/60b5e7bd89022889c0635e34ba37cc46ad41af70/src/utils.ts": "3c0e3f6cabf37331202cca0707cf78a23ce4ff8e48270eb386f357f206116fd9",
    "https://raw.githubusercontent.com/webui-dev/deno-webui/60b5e7bd89022889c0635e34ba37cc46ad41af70/src/webui.ts": "0c2dc0097d659e3dfde4f20f3c31f04e37768f927b7e7f6665fbc45848f20d4e",
    "https://raw.githubusercontent.com/webui-dev/deno-webui/d2442ae3e3d79e87842d8bda8c874826e8eeed69/deps.ts": "785ab89cc04ebca614cb89c62967f72981db66f40bb053c0f1927112484b6a8b",
    "https://raw.githubusercontent.com/webui-dev/deno-webui/d2442ae3e3d79e87842d8bda8c874826e8eeed69/mod.ts": "27907c7a9104ae800b10112ee411cc89e4c6bb72ccb6dd43a114fe2f1b4a6d9e",
    "https://raw.githubusercontent.com/webui-dev/deno-webui/d2442ae3e3d79e87842d8bda8c874826e8eeed69/src/lib.ts": "88a581e417f8d31824cd7f0f7789d5cf26b4831415a374788025824ec2a9c511",
    "https://raw.githubusercontent.com/webui-dev/deno-webui/d2442ae3e3d79e87842d8bda8c874826e8eeed69/src/types.ts": "bd1238c9390f106439c382f4e8649ee0826d2311014d73c5deda5a5ed57ec31c",
    "https://raw.githubusercontent.com/webui-dev/deno-webui/d2442ae3e3d79e87842d8bda8c874826e8eeed69/src/utils.ts": "3c0e3f6cabf37331202cca0707cf78a23ce4ff8e48270eb386f357f206116fd9",
    "https://raw.githubusercontent.com/webui-dev/deno-webui/d2442ae3e3d79e87842d8bda8c874826e8eeed69/src/webui.ts": "df383fd92ee5c229cc176a914ffbda9681e41cc231be9166c9c83c8dfa26c4e1"
  },
  "npm": {
    "specifiers": {
      "crc-32@1.2.2": "crc-32@1.2.2"
    },
    "packages": {
      "crc-32@1.2.2": {
        "integrity": "sha512-ROmzCKrTnOwybPcJApAA6WBWij23HVfGVNKqqrZpuyZOHqK2CwHSvpGuyt/UNNvaIjEd8X5IFGp4Mh+Ie1IHJQ==",
        "dependencies": {}
      }
    }
  }
}
